# This file is automatically @generated by Cargo.
# It is not intended for manual editing.
version = 3

[[package]]
name = "diff"
version = "0.1.0"

[[package]]
name = "init"
version = "0.1.0"

[[package]]
name = "push"
version = "0.1.0"

[[package]]
name = "rit_cli"
version = "0.1.0"

[[package]]
name = "rit_commands"
version = "0.1.0"
dependencies = [
 "diff",
 "init",
 "push",
]
